
Microsoft Visual Studio Solution File, Format Version 12.00
# Visual Studio Version 17
VisualStudioVersion = 17.11.35303.130
MinimumVisualStudioVersion = 10.0.40219.1
Project("{9A19103F-16F7-4668-BE54-9A1E7A4F7556}") = "MyMovieDb.Domain.Shared", "src\MyMovieDb.Domain.Shared\MyMovieDb.Domain.Shared.csproj", "{8B909EBE-DC9B-4A6E-9AE1-2BFA97CC9BA5}"
EndProject
Project("{9A19103F-16F7-4668-BE54-9A1E7A4F7556}") = "MyMovieDb.Domain", "src\MyMovieDb.Domain\MyMovieDb.Domain.csproj", "{A4D3ADA3-BB4B-4847-AFE9-540846E97A6E}"
EndProject
Project("{9A19103F-16F7-4668-BE54-9A1E7A4F7556}") = "MyMovieDb.Application.Contracts", "src\MyMovieDb.Application.Contracts\MyMovieDb.Application.Contracts.csproj", "{F56397D1-1FC5-4C01-B8E2-48114D0ECCCE}"
EndProject
Project("{9A19103F-16F7-4668-BE54-9A1E7A4F7556}") = "MyMovieDb.Application", "src\MyMovieDb.Application\MyMovieDb.Application.csproj", "{0C2FD422-EF6C-4167-B425-95B933534E3E}"
EndProject
Project("{9A19103F-16F7-4668-BE54-9A1E7A4F7556}") = "MyMovieDb.EntityFrameworkCore.MySql", "src\MyMovieDb.EntityFrameworkCore.MySql\MyMovieDb.EntityFrameworkCore.MySql.csproj", "{D187EDFD-8455-402A-8F83-4402A12912E8}"
EndProject
Project("{9A19103F-16F7-4668-BE54-9A1E7A4F7556}") = "MyMovieDb.HttpApi", "src\MyMovieDb.HttpApi\MyMovieDb.HttpApi.csproj", "{FB5F95A0-1ADA-44DE-8B6C-93649D90352A}"
EndProject
Project("{9A19103F-16F7-4668-BE54-9A1E7A4F7556}") = "MyMovieDb.Adapter.Tmdb", "src\MyMovieDb.Adapter.Tmdb\MyMovieDb.Adapter.Tmdb.csproj", "{B2A82F07-5BE9-4989-89EA-E79732F55983}"
EndProject
Project("{2150E333-8FDC-42A3-9474-1A3956D46DE8}") = "src", "src", "{FD982568-91B3-4372-B454-2F664240B155}"
EndProject
Project("{9A19103F-16F7-4668-BE54-9A1E7A4F7556}") = "MyMovieDb.Auth.Auth0", "src\MyMovieDb.Auth.Auth0\MyMovieDb.Auth.Auth0.csproj", "{FF3565C3-1A6B-4346-A8CB-33A3B852DD28}"
EndProject
Project("{2150E333-8FDC-42A3-9474-1A3956D46DE8}") = "tests", "tests", "{B9087008-4E0A-4287-AD78-73733C4195EF}"
EndProject
Project("{9A19103F-16F7-4668-BE54-9A1E7A4F7556}") = "MyMovieDb.Domain.Shared.Tests", "tests\MyMovieDb.Domain.Shared.Tests\MyMovieDb.Domain.Shared.Tests.csproj", "{6026F7A8-ADA6-425A-9B74-94EC7FC48BF3}"
EndProject
Project("{9A19103F-16F7-4668-BE54-9A1E7A4F7556}") = "MyMovieDb.TestBase", "tests\MyMovieDb.TestBase\MyMovieDb.TestBase.csproj", "{56FD9213-9D47-419B-ABBE-B0D78C8B6E83}"
EndProject
Project("{9A19103F-16F7-4668-BE54-9A1E7A4F7556}") = "MyMovieDb.Domain.Tests", "tests\MyMovieDb.Domain.Tests\MyMovieDb.Domain.Tests.csproj", "{D098A514-18D0-4A1E-9BEE-DAE3B900C2FE}"
EndProject
Project("{9A19103F-16F7-4668-BE54-9A1E7A4F7556}") = "MyMovieDb.Auth.Auth0.Tests", "tests\MyMovieDb.Auth.Auth0.Tests\MyMovieDb.Auth.Auth0.Tests.csproj", "{93E828F8-421A-4A39-A0AA-0E3C5CC32412}"
EndProject
Project("{9A19103F-16F7-4668-BE54-9A1E7A4F7556}") = "MyMovieDb.Application.Tests", "tests\MyMovieDb.Application.Tests\MyMovieDb.Application.Tests.csproj", "{89040AD7-9C07-4760-9BA5-48128E73F55F}"
EndProject
Project("{9A19103F-16F7-4668-BE54-9A1E7A4F7556}") = "MyMovieDb.Application.Contracts.Tests", "tests\MyMovieDb.Application.Contracts.Tests\MyMovieDb.Application.Contracts.Tests.csproj", "{C3417DAF-5709-4857-9B8D-FF4D8C290906}"
EndProject
Project("{9A19103F-16F7-4668-BE54-9A1E7A4F7556}") = "MyMovieDb.Adapter.Tmdb.Tests", "tests\MyMovieDb.Adapter.Tmdb.Tests\MyMovieDb.Adapter.Tmdb.Tests.csproj", "{6A9BC164-C91F-47C0-8F55-A3B3704488F0}"
EndProject
Global
	GlobalSection(SolutionConfigurationPlatforms) = preSolution
		Debug|Any CPU = Debug|Any CPU
		Release|Any CPU = Release|Any CPU
	EndGlobalSection
	GlobalSection(ProjectConfigurationPlatforms) = postSolution
		{8B909EBE-DC9B-4A6E-9AE1-2BFA97CC9BA5}.Debug|Any CPU.ActiveCfg = Debug|Any CPU
		{8B909EBE-DC9B-4A6E-9AE1-2BFA97CC9BA5}.Debug|Any CPU.Build.0 = Debug|Any CPU
		{8B909EBE-DC9B-4A6E-9AE1-2BFA97CC9BA5}.Release|Any CPU.ActiveCfg = Release|Any CPU
		{8B909EBE-DC9B-4A6E-9AE1-2BFA97CC9BA5}.Release|Any CPU.Build.0 = Release|Any CPU
		{A4D3ADA3-BB4B-4847-AFE9-540846E97A6E}.Debug|Any CPU.ActiveCfg = Debug|Any CPU
		{A4D3ADA3-BB4B-4847-AFE9-540846E97A6E}.Debug|Any CPU.Build.0 = Debug|Any CPU
		{A4D3ADA3-BB4B-4847-AFE9-540846E97A6E}.Release|Any CPU.ActiveCfg = Release|Any CPU
		{A4D3ADA3-BB4B-4847-AFE9-540846E97A6E}.Release|Any CPU.Build.0 = Release|Any CPU
		{F56397D1-1FC5-4C01-B8E2-48114D0ECCCE}.Debug|Any CPU.ActiveCfg = Debug|Any CPU
		{F56397D1-1FC5-4C01-B8E2-48114D0ECCCE}.Debug|Any CPU.Build.0 = Debug|Any CPU
		{F56397D1-1FC5-4C01-B8E2-48114D0ECCCE}.Release|Any CPU.ActiveCfg = Release|Any CPU
		{F56397D1-1FC5-4C01-B8E2-48114D0ECCCE}.Release|Any CPU.Build.0 = Release|Any CPU
		{0C2FD422-EF6C-4167-B425-95B933534E3E}.Debug|Any CPU.ActiveCfg = Debug|Any CPU
		{0C2FD422-EF6C-4167-B425-95B933534E3E}.Debug|Any CPU.Build.0 = Debug|Any CPU
		{0C2FD422-EF6C-4167-B425-95B933534E3E}.Release|Any CPU.ActiveCfg = Release|Any CPU
		{0C2FD422-EF6C-4167-B425-95B933534E3E}.Release|Any CPU.Build.0 = Release|Any CPU
		{D187EDFD-8455-402A-8F83-4402A12912E8}.Debug|Any CPU.ActiveCfg = Debug|Any CPU
		{D187EDFD-8455-402A-8F83-4402A12912E8}.Debug|Any CPU.Build.0 = Debug|Any CPU
		{D187EDFD-8455-402A-8F83-4402A12912E8}.Release|Any CPU.ActiveCfg = Release|Any CPU
		{D187EDFD-8455-402A-8F83-4402A12912E8}.Release|Any CPU.Build.0 = Release|Any CPU
		{FB5F95A0-1ADA-44DE-8B6C-93649D90352A}.Debug|Any CPU.ActiveCfg = Debug|Any CPU
		{FB5F95A0-1ADA-44DE-8B6C-93649D90352A}.Debug|Any CPU.Build.0 = Debug|Any CPU
		{FB5F95A0-1ADA-44DE-8B6C-93649D90352A}.Release|Any CPU.ActiveCfg = Release|Any CPU
		{FB5F95A0-1ADA-44DE-8B6C-93649D90352A}.Release|Any CPU.Build.0 = Release|Any CPU
		{B2A82F07-5BE9-4989-89EA-E79732F55983}.Debug|Any CPU.ActiveCfg = Debug|Any CPU
		{B2A82F07-5BE9-4989-89EA-E79732F55983}.Debug|Any CPU.Build.0 = Debug|Any CPU
		{B2A82F07-5BE9-4989-89EA-E79732F55983}.Release|Any CPU.ActiveCfg = Release|Any CPU
		{B2A82F07-5BE9-4989-89EA-E79732F55983}.Release|Any CPU.Build.0 = Release|Any CPU
		{FF3565C3-1A6B-4346-A8CB-33A3B852DD28}.Debug|Any CPU.ActiveCfg = Debug|Any CPU
		{FF3565C3-1A6B-4346-A8CB-33A3B852DD28}.Debug|Any CPU.Build.0 = Debug|Any CPU
		{FF3565C3-1A6B-4346-A8CB-33A3B852DD28}.Release|Any CPU.ActiveCfg = Release|Any CPU
		{FF3565C3-1A6B-4346-A8CB-33A3B852DD28}.Release|Any CPU.Build.0 = Release|Any CPU
		{6026F7A8-ADA6-425A-9B74-94EC7FC48BF3}.Debug|Any CPU.ActiveCfg = Debug|Any CPU
		{6026F7A8-ADA6-425A-9B74-94EC7FC48BF3}.Debug|Any CPU.Build.0 = Debug|Any CPU
		{6026F7A8-ADA6-425A-9B74-94EC7FC48BF3}.Release|Any CPU.ActiveCfg = Release|Any CPU
		{6026F7A8-ADA6-425A-9B74-94EC7FC48BF3}.Release|Any CPU.Build.0 = Release|Any CPU
		{56FD9213-9D47-419B-ABBE-B0D78C8B6E83}.Debug|Any CPU.ActiveCfg = Debug|Any CPU
		{56FD9213-9D47-419B-ABBE-B0D78C8B6E83}.Debug|Any CPU.Build.0 = Debug|Any CPU
		{56FD9213-9D47-419B-ABBE-B0D78C8B6E83}.Release|Any CPU.ActiveCfg = Release|Any CPU
		{56FD9213-9D47-419B-ABBE-B0D78C8B6E83}.Release|Any CPU.Build.0 = Release|Any CPU
		{D098A514-18D0-4A1E-9BEE-DAE3B900C2FE}.Debug|Any CPU.ActiveCfg = Debug|Any CPU
		{D098A514-18D0-4A1E-9BEE-DAE3B900C2FE}.Debug|Any CPU.Build.0 = Debug|Any CPU
		{D098A514-18D0-4A1E-9BEE-DAE3B900C2FE}.Release|Any CPU.ActiveCfg = Release|Any CPU
		{D098A514-18D0-4A1E-9BEE-DAE3B900C2FE}.Release|Any CPU.Build.0 = Release|Any CPU
		{93E828F8-421A-4A39-A0AA-0E3C5CC32412}.Debug|Any CPU.ActiveCfg = Debug|Any CPU
		{93E828F8-421A-4A39-A0AA-0E3C5CC32412}.Debug|Any CPU.Build.0 = Debug|Any CPU
		{93E828F8-421A-4A39-A0AA-0E3C5CC32412}.Release|Any CPU.ActiveCfg = Release|Any CPU
		{93E828F8-421A-4A39-A0AA-0E3C5CC32412}.Release|Any CPU.Build.0 = Release|Any CPU
		{89040AD7-9C07-4760-9BA5-48128E73F55F}.Debug|Any CPU.ActiveCfg = Debug|Any CPU
		{89040AD7-9C07-4760-9BA5-48128E73F55F}.Debug|Any CPU.Build.0 = Debug|Any CPU
		{89040AD7-9C07-4760-9BA5-48128E73F55F}.Release|Any CPU.ActiveCfg = Release|Any CPU
		{89040AD7-9C07-4760-9BA5-48128E73F55F}.Release|Any CPU.Build.0 = Release|Any CPU
		{C3417DAF-5709-4857-9B8D-FF4D8C290906}.Debug|Any CPU.ActiveCfg = Debug|Any CPU
		{C3417DAF-5709-4857-9B8D-FF4D8C290906}.Debug|Any CPU.Build.0 = Debug|Any CPU
		{C3417DAF-5709-4857-9B8D-FF4D8C290906}.Release|Any CPU.ActiveCfg = Release|Any CPU
		{C3417DAF-5709-4857-9B8D-FF4D8C290906}.Release|Any CPU.Build.0 = Release|Any CPU
		{6A9BC164-C91F-47C0-8F55-A3B3704488F0}.Debug|Any CPU.ActiveCfg = Debug|Any CPU
		{6A9BC164-C91F-47C0-8F55-A3B3704488F0}.Debug|Any CPU.Build.0 = Debug|Any CPU
		{6A9BC164-C91F-47C0-8F55-A3B3704488F0}.Release|Any CPU.ActiveCfg = Release|Any CPU
		{6A9BC164-C91F-47C0-8F55-A3B3704488F0}.Release|Any CPU.Build.0 = Release|Any CPU
	EndGlobalSection
	GlobalSection(SolutionProperties) = preSolution
		HideSolutionNode = FALSE
	EndGlobalSection
	GlobalSection(NestedProjects) = preSolution
		{8B909EBE-DC9B-4A6E-9AE1-2BFA97CC9BA5} = {FD982568-91B3-4372-B454-2F664240B155}
		{A4D3ADA3-BB4B-4847-AFE9-540846E97A6E} = {FD982568-91B3-4372-B454-2F664240B155}
		{F56397D1-1FC5-4C01-B8E2-48114D0ECCCE} = {FD982568-91B3-4372-B454-2F664240B155}
		{0C2FD422-EF6C-4167-B425-95B933534E3E} = {FD982568-91B3-4372-B454-2F664240B155}
		{D187EDFD-8455-402A-8F83-4402A12912E8} = {FD982568-91B3-4372-B454-2F664240B155}
		{FB5F95A0-1ADA-44DE-8B6C-93649D90352A} = {FD982568-91B3-4372-B454-2F664240B155}
		{B2A82F07-5BE9-4989-89EA-E79732F55983} = {FD982568-91B3-4372-B454-2F664240B155}
		{FF3565C3-1A6B-4346-A8CB-33A3B852DD28} = {FD982568-91B3-4372-B454-2F664240B155}
		{6026F7A8-ADA6-425A-9B74-94EC7FC48BF3} = {B9087008-4E0A-4287-AD78-73733C4195EF}
		{56FD9213-9D47-419B-ABBE-B0D78C8B6E83} = {B9087008-4E0A-4287-AD78-73733C4195EF}
		{D098A514-18D0-4A1E-9BEE-DAE3B900C2FE} = {B9087008-4E0A-4287-AD78-73733C4195EF}
		{93E828F8-421A-4A39-A0AA-0E3C5CC32412} = {B9087008-4E0A-4287-AD78-73733C4195EF}
		{89040AD7-9C07-4760-9BA5-48128E73F55F} = {B9087008-4E0A-4287-AD78-73733C4195EF}
		{C3417DAF-5709-4857-9B8D-FF4D8C290906} = {B9087008-4E0A-4287-AD78-73733C4195EF}
		{6A9BC164-C91F-47C0-8F55-A3B3704488F0} = {B9087008-4E0A-4287-AD78-73733C4195EF}
	EndGlobalSection
	GlobalSection(ExtensibilityGlobals) = postSolution
		SolutionGuid = {FF7C54E8-E487-4727-814B-DFF7C271FB97}
	EndGlobalSection
EndGlobal
